hash: d144ebfe727f7a0ee38c2eec5392f184121bd767e95219803f6c54b3795d0cae
updated: 2016-08-12T08:56:19.56790393+02:00
imports:
- name: github.com/aymerick/raymond
  version: a2232af10b53ef1ae5a767f5178db3a6c1dab655
  repo: https://github.com/aymerick/raymond
  vcs: git
- name: github.com/CloudyKit/jet
  version: 09277d7d5183370b87ebd475e7dfd4cea685b497
- name: github.com/commondream/egon
  version: b9680bd5dea1bc62da5c5a8a0222d589e1576c87
- name: github.com/dchest/htmlmin
  version: e254725e81ac4ff4079c06cb49513138c9afc444
  repo: https://github.com/dchest/htmlmin
  vcs: git
- name: github.com/dskinner/damsel
  version: 0eb663c5b10e488abe6d35f19544595074e1880f
  repo: https://github.com/dskinner/damsel
  vcs: git
- name: github.com/eknkc/amber
  version: 7875e9689d335cd15294cd6f4f0ef8322ce4c8e7
  repo: https://github.com/eknkc/amber
  vcs: git
- name: github.com/flosch/pongo2
  version: 5e20832cab69d8dc4453e2403804e451a26d1277
  repo: https://github.com/flosch/pongo2
  vcs: git
- name: github.com/hoisie/mustache
  version: 6375acf62c69d9d3ad20fd0599d82ca94ea12284
  repo: https://github.com/hoisie/mustache
  vcs: git
- name: github.com/robfig/soy
  version: 3d51ce6f31bd41b349a5aa9b113ddbce8aa71318
  repo: https://github.com/robfig/soy
  vcs: git
- name: github.com/sipin/gorazor
  version: cfcf2db74a170747830822495a7cc059124af962
  subpackages:
  - gorazor
- name: github.com/valyala/bytebufferpool
  version: 8ebd0474e5a2f0a5c7a74ad2bf421a1d1a90264f
- name: github.com/valyala/quicktemplate
  version: 621a99ae6bd320b2af730306caeb11b8c6b1db0f
- name: github.com/yosssi/ace
  version: ea038f4770b6746c3f8f84f14fa60d9fe1205b56
  repo: https://github.com/yosssi/ace
  vcs: git
- name: github.com/ziutek/kasia.go
  version: be46c452e867a2fb4c86c47e19f64223a363c413
  repo: https://github.com/ziutek/kasia.go
  vcs: git
- name: golang.org/x/sys
  version: a646d33e2ee3172a661fc09bca23bb4889a41bc8
  subpackages:
  - unix
- name: gopkg.in/fsnotify.v1
  version: a8a77c9133d2d6fd8334f3260d06f60e8d80a5fb
testImports: []
