hash: 2c3805fb35dcd11f0debc8b8174a1e950ce0392a045502e50bc57b5b276a8d54
updated: 2017-01-16T09:25:57.745563409+01:00
imports:
- name: github.com/aymerick/raymond
  version: 72acac2207479d21dd45898c2a4264246c818148
  repo: https://github.com/aymerick/raymond
  vcs: git
  subpackages:
  - ast
  - lexer
  - parser
- name: github.com/CloudyKit/jet
  version: 76abb1a47ef00783ce9e4481f930d762533bf4cf
- name: github.com/commondream/egon
  version: b9680bd5dea1bc62da5c5a8a0222d589e1576c87
- name: github.com/dchest/htmlmin
  version: e254725e81ac4ff4079c06cb49513138c9afc444
  repo: https://github.com/dchest/htmlmin
  vcs: git
- name: github.com/eknkc/amber
  version: 9be5e8aae85904f63d505e0c00e5e0881d44ef4d
  repo: https://github.com/eknkc/amber
  vcs: git
  subpackages:
  - parser
- name: github.com/flosch/pongo2
  version: 22499f94d3d56c7238591344a6902715d0b8fbbf
  repo: https://github.com/flosch/pongo2
  vcs: git
- name: github.com/hoisie/mustache
  version: 6375acf62c69d9d3ad20fd0599d82ca94ea12284
  repo: https://github.com/hoisie/mustache
  vcs: git
- name: github.com/robfig/soy
  version: 9d92c1999f49cbdcf4239b5e5f6845b7d391f175
  repo: https://github.com/robfig/soy
  vcs: git
  subpackages:
  - ast
  - data
  - parse
  - parsepasses
  - soyhtml
  - template
- name: github.com/sipin/gorazor
  version: cfcf2db74a170747830822495a7cc059124af962
  subpackages:
  - gorazor
- name: github.com/valyala/bytebufferpool
  version: e746df99fe4a3986f4d4f79e13c1e0117ce9c2f7
- name: github.com/valyala/quicktemplate
  version: 23fa366b12e538aeda01aa072f7583faf764559f
- name: github.com/yosssi/ace
  version: ea038f4770b6746c3f8f84f14fa60d9fe1205b56
  repo: https://github.com/yosssi/ace
  vcs: git
- name: github.com/ziutek/kasia.go
  version: be46c452e867a2fb4c86c47e19f64223a363c413
  repo: https://github.com/ziutek/kasia.go
  vcs: git
- name: golang.org/x/sys
  version: d75a52659825e75fff6158388dddc6a5b04f9ba5
  subpackages:
  - unix
- name: gopkg.in/fsnotify.v1
  version: 629574ca2a5df945712d3079857300b5e4da0236
testImports:
- name: github.com/CloudyKit/fastprinter
  version: ee06c58b09065598339804adaf79c31ff25ecf7a
- name: github.com/dchest/cssmin
  version: fb8d9b44afdc258bfff6052d3667521babcb2239
- name: github.com/dchest/jsmin
  version: faeced8839472f349011f4c4c5441bbc28d02191
- name: golang.org/x/net
  version: f2499483f923065a842d38eb4c7f1927e6fc6e6d
  subpackages:
  - html
  - html/atom
- name: gopkg.in/fsnotify.v0
  version: ea925a0a47d225b2ca7f9932b01d2ed4f3ec74f6
