# This file is autogenerated, do not edit; changes may be undone by the next 'dep ensure'.


[[projects]]
  branch = "master"
  digest = "1:d4bdf20b93b78346d40681c66ee5133839780911140b70ef553f117b2a963cb7"
  name = "github.com/CloudyKit/fastprinter"
  packages = ["."]
  pruneopts = "UT"
  revision = "74b38d55f37af5d6c05ca11147d616b613a3420e"

[[projects]]
  branch = "master"
  digest = "1:61746b23317825f35d27a5e3d70a59ab21890f32f418b3895f629de2f4f992f1"
  name = "github.com/CloudyKit/jet"
  packages = ["."]
  pruneopts = "UT"
  revision = "62edd43e4f88c6be452fd5feac77f716f546ebf6"

[[projects]]
  branch = "master"
  digest = "1:8c99bae8191c18fc5a2ba4cc0ab7d2d3d669dfb892e32561e867418ecc25bb05"
  name = "github.com/aymerick/raymond"
  packages = [
    ".",
    "ast",
    "lexer",
    "parser",
  ]
  pruneopts = "UT"
  revision = "b565731e1464263de0bda75f2e45d97b54b60110"

[[projects]]
  branch = "master"
  digest = "1:361395bdabeb72725e26121583597f6273c421557ea93b49e42d7ecdb18c6c64"
  name = "github.com/commondream/egon"
  packages = ["."]
  pruneopts = "UT"
  revision = "b9680bd5dea1bc62da5c5a8a0222d589e1576c87"

[[projects]]
  branch = "master"
  digest = "1:e36b8d9e177e7f656484c7bad5e67217c595150608f8d3bb500dcfa34e4ae677"
  name = "github.com/dchest/cssmin"
  packages = ["."]
  pruneopts = "UT"
  revision = "fb8d9b44afdc258bfff6052d3667521babcb2239"

[[projects]]
  branch = "master"
  digest = "1:b2e5525c87482fa96c3667c8246212a3bcb5e61bad2f50314877ee5f3831fffb"
  name = "github.com/dchest/htmlmin"
  packages = ["."]
  pruneopts = "UT"
  revision = "e254725e81ac4ff4079c06cb49513138c9afc444"

[[projects]]
  branch = "master"
  digest = "1:9c6c3d4659358a1a526ea96ca7a38bcd265103d19c02df1436b75ad010e62a19"
  name = "github.com/dchest/jsmin"
  packages = ["."]
  pruneopts = "UT"
  revision = "faeced8839472f349011f4c4c5441bbc28d02191"

[[projects]]
  branch = "master"
  digest = "1:f524f46fd5c8f8ae8bef1f754683f2fbb951fb616010be6ff6eed9a6e4082fd7"
  name = "github.com/eknkc/amber"
  packages = [
    ".",
    "parser",
  ]
  pruneopts = "UT"
  revision = "cdade1c073850f4ffc70a829e31235ea6892853b"

[[projects]]
  branch = "master"
  digest = "1:21b9131fddca407b60999864676deeaa3d81626eef996658c3828628b9ce0b9c"
  name = "github.com/flosch/pongo2"
  packages = ["."]
  pruneopts = "UT"
  revision = "24195e6d38b06020d7a92c7b11960cf2e7cad2f2"

[[projects]]
  branch = "master"
  digest = "1:42f4994a61562fadfdd01a0fe1bd9429b4b92f2595c8b847cf0680c7d05aff66"
  name = "github.com/hoisie/mustache"
  packages = ["."]
  pruneopts = "UT"
  revision = "6375acf62c69d9d3ad20fd0599d82ca94ea12284"

[[projects]]
  digest = "1:7159b4af2aae0c37b088cea9cb5932b8801a289616c5b789e4669558521cff0c"
  name = "github.com/howeyc/fsnotify"
  packages = ["."]
  pruneopts = "UT"
  revision = "441bbc86b167f3c1f4786afae9931403b99fdacf"
  version = "v0.9.0"

[[projects]]
  branch = "master"
  digest = "1:cdc32003a67007f608c767cfbea5b7a07ed7418ec9aed579707e3185086a6878"
  name = "github.com/juju/errors"
  packages = ["."]
  pruneopts = "UT"
  revision = "a4583d0a56eac4bdd939e38050d0c69abe0a9b41"

[[projects]]
  branch = "master"
  digest = "1:0aebee966cc89de6d747ddc4ba9f1de60c8d0515eb3a0be1e3d16f969c05c1ab"
  name = "github.com/robfig/soy"
  packages = [
    ".",
    "ast",
    "data",
    "errortypes",
    "parse",
    "parsepasses",
    "soyhtml",
    "soymsg",
    "template",
  ]
  pruneopts = "UT"
  revision = "82face14ebc0883b4ca9c901b5aaf3738b9f6a24"

[[projects]]
  digest = "1:0a7d7f8da501d50c0917e789e8b2c6c60af85ff5091946327e6cf6beddb471f0"
  name = "github.com/shiyanhui/hero"
  packages = ["."]
  pruneopts = "UT"
  revision = "13388ec75acb968f8754631bad15faa062544251"
  version = "v0.0.1"

[[projects]]
  branch = "master"
  digest = "1:e051b7c0f5cdbebf777a32fca64944de3c451d9183e5380f782d6c9447058b6a"
  name = "github.com/sipin/gorazor"
  packages = ["gorazor"]
  pruneopts = "UT"
  revision = "1c9f25bda2949f70274d3f349f90100d22f8da8b"

[[projects]]
  branch = "master"
  digest = "1:f52b91ab1b58aa5217d6094865dda519f75296c3884380526cd127bc19f02461"
  name = "github.com/valyala/bytebufferpool"
  packages = ["."]
  pruneopts = "UT"
  revision = "cdfbe9377474227bb42120c1e22fd4433e7f69bf"

[[projects]]
  branch = "master"
  digest = "1:a647a40b351dc882b9a9f2e76604115f4dd512df2c22a49f43bb31d91afffb66"
  name = "github.com/valyala/quicktemplate"
  packages = ["."]
  pruneopts = "UT"
  revision = "dc50ff9977a68a543145ce34e0e0030bebcc89be"

[[projects]]
  digest = "1:9027c04a37010d3440f2474c7ee6dfc926b88dee07a764fe6f8d308c82e47e07"
  name = "github.com/yosssi/ace"
  packages = ["."]
  pruneopts = "UT"
  revision = "ea038f4770b6746c3f8f84f14fa60d9fe1205b56"
  version = "v0.0.5"

[[projects]]
  branch = "master"
  digest = "1:7ae968dd2a260ef70fde395d7efcf5b9ade252f3f2f699e3e70d59eff0bea7cb"
  name = "github.com/ziutek/kasia.go"
  packages = ["."]
  pruneopts = "UT"
  revision = "be46c452e867a2fb4c86c47e19f64223a363c413"

[[projects]]
  branch = "master"
  digest = "1:1a1ecfa7b54ca3f7a0115ab5c578d7d6a5d8b605839c549e80260468c42f8be7"
  name = "golang.org/x/net"
  packages = [
    "html",
    "html/atom",
  ]
  pruneopts = "UT"
  revision = "03003ca0c849e57b6ea29a4bab8d3cb6e4d568fe"

[[projects]]
  branch = "master"
  digest = "1:7ba061af4131fb44b30448572acd0d6fefbf63a61b97b7ef1dea0be5871c2742"
  name = "golang.org/x/sys"
  packages = ["unix"]
  pruneopts = "UT"
  revision = "66b7b1311ac80bbafcd2daeef9a5e6e2cd1e2399"

[[projects]]
  digest = "1:abeb38ade3f32a92943e5be54f55ed6d6e3b6602761d74b4aab4c9dd45c18abd"
  name = "gopkg.in/fsnotify/fsnotify.v1"
  packages = ["."]
  pruneopts = "UT"
  revision = "c2828203cd70a50dcccfb2761f8b1f8ceef9a8e9"
  version = "v1.4.7"

[solve-meta]
  analyzer-name = "dep"
  analyzer-version = 1
  input-imports = [
    "github.com/CloudyKit/jet",
    "github.com/aymerick/raymond",
    "github.com/commondream/egon",
    "github.com/dchest/htmlmin",
    "github.com/eknkc/amber",
    "github.com/flosch/pongo2",
    "github.com/hoisie/mustache",
    "github.com/robfig/soy",
    "github.com/robfig/soy/data",
    "github.com/shiyanhui/hero",
    "github.com/sipin/gorazor/gorazor",
    "github.com/valyala/bytebufferpool",
    "github.com/valyala/quicktemplate",
    "github.com/yosssi/ace",
    "github.com/ziutek/kasia.go",
  ]
  solver-name = "gps-cdcl"
  solver-version = 1
